
Microsoft Visual Studio Solution File, Format Version 12.00
# Visual Studio 15
VisualStudioVersion = 15.0.27004.2010
MinimumVisualStudioVersion = 10.0.40219.1
Project("{2150E333-8FDC-42A3-9474-1A3956D46DE8}") = "Core", "Core", "{5B737860-5015-4AE0-9895-C4E411BD1A97}"
EndProject
Project("{9A19103F-16F7-4668-BE54-9A1E7A4F7556}") = "TextAnalyticsApp.Core", "Core\TextAnalyticsApp.Core\TextAnalyticsApp.Core.csproj", "{F7966505-E9EC-478D-82D4-7E23E8CFA65F}"
EndProject
Project("{9A19103F-16F7-4668-BE54-9A1E7A4F7556}") = "TextAnalyticsApp.Data", "Core\TextAnalyticsApp.Data\TextAnalyticsApp.Data.csproj", "{985EACE0-E13F-4839-8C16-91EAEE8ED86D}"
EndProject
Project("{9A19103F-16F7-4668-BE54-9A1E7A4F7556}") = "TextAnalyticsApp.TweetScraper", "TextAnalytics.TweetScraper\TextAnalyticsApp.TweetScraper.csproj", "{8010C9F3-B57D-40B6-8EB7-C999A07D75A9}"
EndProject
Project("{9A19103F-16F7-4668-BE54-9A1E7A4F7556}") = "TextAnalyticsApp.Web", "TextAnalytics.Web\TextAnalyticsApp.Web.csproj", "{A383E57D-E14E-48C8-AFB7-4B1B9F33FF2C}"
EndProject
Global
	GlobalSection(SolutionConfigurationPlatforms) = preSolution
		Debug|Any CPU = Debug|Any CPU
		Release|Any CPU = Release|Any CPU
	EndGlobalSection
	GlobalSection(ProjectConfigurationPlatforms) = postSolution
		{F7966505-E9EC-478D-82D4-7E23E8CFA65F}.Debug|Any CPU.ActiveCfg = Debug|Any CPU
		{F7966505-E9EC-478D-82D4-7E23E8CFA65F}.Debug|Any CPU.Build.0 = Debug|Any CPU
		{F7966505-E9EC-478D-82D4-7E23E8CFA65F}.Release|Any CPU.ActiveCfg = Release|Any CPU
		{F7966505-E9EC-478D-82D4-7E23E8CFA65F}.Release|Any CPU.Build.0 = Release|Any CPU
		{985EACE0-E13F-4839-8C16-91EAEE8ED86D}.Debug|Any CPU.ActiveCfg = Debug|Any CPU
		{985EACE0-E13F-4839-8C16-91EAEE8ED86D}.Debug|Any CPU.Build.0 = Debug|Any CPU
		{985EACE0-E13F-4839-8C16-91EAEE8ED86D}.Release|Any CPU.ActiveCfg = Release|Any CPU
		{985EACE0-E13F-4839-8C16-91EAEE8ED86D}.Release|Any CPU.Build.0 = Release|Any CPU
		{8010C9F3-B57D-40B6-8EB7-C999A07D75A9}.Debug|Any CPU.ActiveCfg = Debug|Any CPU
		{8010C9F3-B57D-40B6-8EB7-C999A07D75A9}.Debug|Any CPU.Build.0 = Debug|Any CPU
		{8010C9F3-B57D-40B6-8EB7-C999A07D75A9}.Release|Any CPU.ActiveCfg = Release|Any CPU
		{8010C9F3-B57D-40B6-8EB7-C999A07D75A9}.Release|Any CPU.Build.0 = Release|Any CPU
		{A383E57D-E14E-48C8-AFB7-4B1B9F33FF2C}.Debug|Any CPU.ActiveCfg = Debug|Any CPU
		{A383E57D-E14E-48C8-AFB7-4B1B9F33FF2C}.Debug|Any CPU.Build.0 = Debug|Any CPU
		{A383E57D-E14E-48C8-AFB7-4B1B9F33FF2C}.Release|Any CPU.ActiveCfg = Release|Any CPU
		{A383E57D-E14E-48C8-AFB7-4B1B9F33FF2C}.Release|Any CPU.Build.0 = Release|Any CPU
	EndGlobalSection
	GlobalSection(SolutionProperties) = preSolution
		HideSolutionNode = FALSE
	EndGlobalSection
	GlobalSection(NestedProjects) = preSolution
		{F7966505-E9EC-478D-82D4-7E23E8CFA65F} = {5B737860-5015-4AE0-9895-C4E411BD1A97}
		{985EACE0-E13F-4839-8C16-91EAEE8ED86D} = {5B737860-5015-4AE0-9895-C4E411BD1A97}
	EndGlobalSection
	GlobalSection(ExtensibilityGlobals) = postSolution
		SolutionGuid = {DCDCE6B6-3AA0-4103-8691-5D5C88E14525}
	EndGlobalSection
EndGlobal
